// !$*UTF8*$!
{
	archiveVersion = 1;
	classes = {
	};
	objectVersion = 46;
	objects = {

/* Begin PBXBuildFile section */
		883970F81EA45A4B00908C7F /* UIImage+Tool.m in Sources */ = {isa = PBXBuildFile; fileRef = 883970F71EA45A4B00908C7F /* UIImage+Tool.m */; };
		883970FB1EA465D800908C7F /* UIView+SnapShot.m in Sources */ = {isa = PBXBuildFile; fileRef = 883970FA1EA465D800908C7F /* UIView+SnapShot.m */; };
		883971231EA5A88F00908C7F /* icon_lena@3x.png in Resources */ = {isa = PBXBuildFile; fileRef = 8839711F1EA5A88F00908C7F /* icon_lena@3x.png */; };
		883971281EA5ABCB00908C7F /* image1_3.6MB_4032 × 3024.jpeg in Resources */ = {isa = PBXBuildFile; fileRef = 883971261EA5ABCB00908C7F /* image1_3.6MB_4032 × 3024.jpeg */; };
		8839712C1EA5ACE500908C7F /* NSData+Length.m in Sources */ = {isa = PBXBuildFile; fileRef = 8839712B1EA5ACE500908C7F /* NSData+Length.m */; };
		8839712E1EA5C03000908C7F /* icon.jpeg in Resources */ = {isa = PBXBuildFile; fileRef = 8839712D1EA5C03000908C7F /* icon.jpeg */; };
		88CFF2CC1E9C841C00B620A2 /* main.m in Sources */ = {isa = PBXBuildFile; fileRef = 88CFF2CB1E9C841C00B620A2 /* main.m */; };
		88CFF2CF1E9C841C00B620A2 /* AppDelegate.m in Sources */ = {isa = PBXBuildFile; fileRef = 88CFF2CE1E9C841C00B620A2 /* AppDelegate.m */; };
		88CFF2D21E9C841C00B620A2 /* ViewController.m in Sources */ = {isa = PBXBuildFile; fileRef = 88CFF2D11E9C841C00B620A2 /* ViewController.m */; };
		88CFF2D51E9C841C00B620A2 /* Main.storyboard in Resources */ = {isa = PBXBuildFile; fileRef = 88CFF2D31E9C841C00B620A2 /* Main.storyboard */; };
		88CFF2D71E9C841C00B620A2 /* Assets.xcassets in Resources */ = {isa = PBXBuildFile; fileRef = 88CFF2D61E9C841C00B620A2 /* Assets.xcassets */; };
		88CFF2DA1E9C841C00B620A2 /* LaunchScreen.storyboard in Resources */ = {isa = PBXBuildFile; fileRef = 88CFF2D81E9C841C00B620A2 /* LaunchScreen.storyboard */; };
		88CFF2E51E9C841C00B620A2 /* QSUseImageDemoTests.m in Sources */ = {isa = PBXBuildFile; fileRef = 88CFF2E41E9C841C00B620A2 /* QSUseImageDemoTests.m */; };
		88CFF2F01E9C841C00B620A2 /* QSUseImageDemoUITests.m in Sources */ = {isa = PBXBuildFile; fileRef = 88CFF2EF1E9C841C00B620A2 /* QSUseImageDemoUITests.m */; };
/* End PBXBuildFile section */

/* Begin PBXContainerItemProxy section */
		88CFF2E11E9C841C00B620A2 /* PBXContainerItemProxy */ = {
			isa = PBXContainerItemProxy;
			containerPortal = 88CFF2BF1E9C841C00B620A2 /* Project object */;
			proxyType = 1;
			remoteGlobalIDString = 88CFF2C61E9C841C00B620A2;
			remoteInfo = QSUseImageDemo;
		};
		88CFF2EC1E9C841C00B620A2 /* PBXContainerItemProxy */ = {
			isa = PBXContainerItemProxy;
			containerPortal = 88CFF2BF1E9C841C00B620A2 /* Project object */;
			proxyType = 1;
			remoteGlobalIDString = 88CFF2C61E9C841C00B620A2;
			remoteInfo = QSUseImageDemo;
		};
/* End PBXContainerItemProxy section */

/* Begin PBXFileReference section */
		883970F61EA45A4B00908C7F /* UIImage+Tool.h */ = {isa = PBXFileReference; fileEncoding = 4; lastKnownFileType = sourcecode.c.h; path = "UIImage+Tool.h"; sourceTree = "<group>"; };
		883970F71EA45A4B00908C7F /* UIImage+Tool.m */ = {isa = PBXFileReference; fileEncoding = 4; lastKnownFileType = sourcecode.c.objc; path = "UIImage+Tool.m"; sourceTree = "<group>"; };
		883970F91EA465D800908C7F /* UIView+SnapShot.h */ = {isa = PBXFileReference; fileEncoding = 4; lastKnownFileType = sourcecode.c.h; path = "UIView+SnapShot.h"; sourceTree = "<group>"; };
		883970FA1EA465D800908C7F /* UIView+SnapShot.m */ = {isa = PBXFileReference; fileEncoding = 4; lastKnownFileType = sourcecode.c.objc; path = "UIView+SnapShot.m"; sourceTree = "<group>"; };
		8839711F1EA5A88F00908C7F /* icon_lena@3x.png */ = {isa = PBXFileReference; lastKnownFileType = image.png; path = "icon_lena@3x.png"; sourceTree = "<group>"; };
		883971261EA5ABCB00908C7F /* image1_3.6MB_4032 × 3024.jpeg */ = {isa = PBXFileReference; lastKnownFileType = image.jpeg; path = "image1_3.6MB_4032 × 3024.jpeg"; sourceTree = "<group>"; };
		8839712A1EA5ACE500908C7F /* NSData+Length.h */ = {isa = PBXFileReference; fileEncoding = 4; lastKnownFileType = sourcecode.c.h; path = "NSData+Length.h"; sourceTree = "<group>"; };
		8839712B1EA5ACE500908C7F /* NSData+Length.m */ = {isa = PBXFileReference; fileEncoding = 4; lastKnownFileType = sourcecode.c.objc; path = "NSData+Length.m"; sourceTree = "<group>"; };
		8839712D1EA5C03000908C7F /* icon.jpeg */ = {isa = PBXFileReference; lastKnownFileType = image.jpeg; path = icon.jpeg; sourceTree = "<group>"; };
		88CFF2C71E9C841C00B620A2 /* QSUseImageDemo.app */ = {isa = PBXFileReference; explicitFileType = wrapper.application; includeInIndex = 0; path = QSUseImageDemo.app; sourceTree = BUILT_PRODUCTS_DIR; };
		88CFF2CB1E9C841C00B620A2 /* main.m */ = {isa = PBXFileReference; lastKnownFileType = sourcecode.c.objc; path = main.m; sourceTree = "<group>"; };
		88CFF2CD1E9C841C00B620A2 /* AppDelegate.h */ = {isa = PBXFileReference; lastKnownFileType = sourcecode.c.h; path = AppDelegate.h; sourceTree = "<group>"; };
		88CFF2CE1E9C841C00B620A2 /* AppDelegate.m */ = {isa = PBXFileReference; lastKnownFileType = sourcecode.c.objc; path = AppDelegate.m; sourceTree = "<group>"; };
		88CFF2D01E9C841C00B620A2 /* ViewController.h */ = {isa = PBXFileReference; lastKnownFileType = sourcecode.c.h; path = ViewController.h; sourceTree = "<group>"; };
		88CFF2D11E9C841C00B620A2 /* ViewController.m */ = {isa = PBXFileReference; lastKnownFileType = sourcecode.c.objc; path = ViewController.m; sourceTree = "<group>"; };
		88CFF2D41E9C841C00B620A2 /* Base */ = {isa = PBXFileReference; lastKnownFileType = file.storyboard; name = Base; path = Base.lproj/Main.storyboard; sourceTree = "<group>"; };
		88CFF2D61E9C841C00B620A2 /* Assets.xcassets */ = {isa = PBXFileReference; lastKnownFileType = folder.assetcatalog; path = Assets.xcassets; sourceTree = "<group>"; };
		88CFF2D91E9C841C00B620A2 /* Base */ = {isa = PBXFileReference; lastKnownFileType = file.storyboard; name = Base; path = Base.lproj/LaunchScreen.storyboard; sourceTree = "<group>"; };
		88CFF2DB1E9C841C00B620A2 /* Info.plist */ = {isa = PBXFileReference; lastKnownFileType = text.plist.xml; path = Info.plist; sourceTree = "<group>"; };
		88CFF2E01E9C841C00B620A2 /* QSUseImageDemoTests.xctest */ = {isa = PBXFileReference; explicitFileType = wrapper.cfbundle; includeInIndex = 0; path = QSUseImageDemoTests.xctest; sourceTree = BUILT_PRODUCTS_DIR; };
		88CFF2E41E9C841C00B620A2 /* QSUseImageDemoTests.m */ = {isa = PBXFileReference; lastKnownFileType = sourcecode.c.objc; path = QSUseImageDemoTests.m; sourceTree = "<group>"; };
		88CFF2E61E9C841C00B620A2 /* Info.plist */ = {isa = PBXFileReference; lastKnownFileType = text.plist.xml; path = Info.plist; sourceTree = "<group>"; };
		88CFF2EB1E9C841C00B620A2 /* QSUseImageDemoUITests.xctest */ = {isa = PBXFileReference; explicitFileType = wrapper.cfbundle; includeInIndex = 0; path = QSUseImageDemoUITests.xctest; sourceTree = BUILT_PRODUCTS_DIR; };
		88CFF2EF1E9C841C00B620A2 /* QSUseImageDemoUITests.m */ = {isa = PBXFileReference; lastKnownFileType = sourcecode.c.objc; path = QSUseImageDemoUITests.m; sourceTree = "<group>"; };
		88CFF2F11E9C841C00B620A2 /* Info.plist */ = {isa = PBXFileReference; lastKnownFileType = text.plist.xml; path = Info.plist; sourceTree = "<group>"; };
/* End PBXFileReference section */

/* Begin PBXFrameworksBuildPhase section */
		88CFF2C41E9C841C00B620A2 /* Frameworks */ = {
			isa = PBXFrameworksBuildPhase;
			buildActionMask = 2147483647;
			files = (
			);
			runOnlyForDeploymentPostprocessing = 0;
		};
		88CFF2DD1E9C841C00B620A2 /* Frameworks */ = {
			isa = PBXFrameworksBuildPhase;
			buildActionMask = 2147483647;
			files = (
			);
			runOnlyForDeploymentPostprocessing = 0;
		};
		88CFF2E81E9C841C00B620A2 /* Frameworks */ = {
			isa = PBXFrameworksBuildPhase;
			buildActionMask = 2147483647;
			files = (
			);
			runOnlyForDeploymentPostprocessing = 0;
		};
/* End PBXFrameworksBuildPhase section */

/* Begin PBXGroup section */
		883970F51EA45A3D00908C7F /* ImageTool */ = {
			isa = PBXGroup;
			children = (
				883970F61EA45A4B00908C7F /* UIImage+Tool.h */,
				883970F71EA45A4B00908C7F /* UIImage+Tool.m */,
				883970F91EA465D800908C7F /* UIView+SnapShot.h */,
				883970FA1EA465D800908C7F /* UIView+SnapShot.m */,
				8839712A1EA5ACE500908C7F /* NSData+Length.h */,
				8839712B1EA5ACE500908C7F /* NSData+Length.m */,
			);
			path = ImageTool;
			sourceTree = "<group>";
		};
		8839711B1EA5A88F00908C7F /* Images */ = {
			isa = PBXGroup;
			children = (
				8839712D1EA5C03000908C7F /* icon.jpeg */,
				883971261EA5ABCB00908C7F /* image1_3.6MB_4032 × 3024.jpeg */,
				8839711F1EA5A88F00908C7F /* icon_lena@3x.png */,
			);
			path = Images;
			sourceTree = "<group>";
		};
		88CFF2BE1E9C841C00B620A2 = {
			isa = PBXGroup;
			children = (
				88CFF2C91E9C841C00B620A2 /* QSUseImageDemo */,
				88CFF2E31E9C841C00B620A2 /* QSUseImageDemoTests */,
				88CFF2EE1E9C841C00B620A2 /* QSUseImageDemoUITests */,
				88CFF2C81E9C841C00B620A2 /* Products */,
			);
			sourceTree = "<group>";
		};
		88CFF2C81E9C841C00B620A2 /* Products */ = {
			isa = PBXGroup;
			children = (
				88CFF2C71E9C841C00B620A2 /* QSUseImageDemo.app */,
				88CFF2E01E9C841C00B620A2 /* QSUseImageDemoTests.xctest */,
				88CFF2EB1E9C841C00B620A2 /* QSUseImageDemoUITests.xctest */,
			);
			name = Products;
			sourceTree = "<group>";
		};
		88CFF2C91E9C841C00B620A2 /* QSUseImageDemo */ = {
			isa = PBXGroup;
			children = (
				8839711B1EA5A88F00908C7F /* Images */,
				883970F51EA45A3D00908C7F /* ImageTool */,
				88CFF2CD1E9C841C00B620A2 /* AppDelegate.h */,
				88CFF2CE1E9C841C00B620A2 /* AppDelegate.m */,
				88CFF2D01E9C841C00B620A2 /* ViewController.h */,
				88CFF2D11E9C841C00B620A2 /* ViewController.m */,
				88CFF2D31E9C841C00B620A2 /* Main.storyboard */,
				88CFF2D61E9C841C00B620A2 /* Assets.xcassets */,
				88CFF2D81E9C841C00B620A2 /* LaunchScreen.storyboard */,
				88CFF2DB1E9C841C00B620A2 /* Info.plist */,
				88CFF2CA1E9C841C00B620A2 /* Supporting Files */,
			);
			path = QSUseImageDemo;
			sourceTree = "<group>";
		};
		88CFF2CA1E9C841C00B620A2 /* Supporting Files */ = {
			isa = PBXGroup;
			children = (
				88CFF2CB1E9C841C00B620A2 /* main.m */,
			);
			name = "Supporting Files";
			sourceTree = "<group>";
		};
		88CFF2E31E9C841C00B620A2 /* QSUseImageDemoTests */ = {
			isa = PBXGroup;
			children = (
				88CFF2E41E9C841C00B620A2 /* QSUseImageDemoTests.m */,
				88CFF2E61E9C841C00B620A2 /* Info.plist */,
			);
			path = QSUseImageDemoTests;
			sourceTree = "<group>";
		};
		88CFF2EE1E9C841C00B620A2 /* QSUseImageDemoUITests */ = {
			isa = PBXGroup;
			children = (
				88CFF2EF1E9C841C00B620A2 /* QSUseImageDemoUITests.m */,
				88CFF2F11E9C841C00B620A2 /* Info.plist */,
			);
			path = QSUseImageDemoUITests;
			sourceTree = "<group>";
		};
/* End PBXGroup section */

/* Begin PBXNativeTarget section */
		88CFF2C61E9C841C00B620A2 /* QSUseImageDemo */ = {
			isa = PBXNativeTarget;
			buildConfigurationList = 88CFF2F41E9C841C00B620A2 /* Build configuration list for PBXNativeTarget "QSUseImageDemo" */;
			buildPhases = (
				88CFF2C31E9C841C00B620A2 /* Sources */,
				88CFF2C41E9C841C00B620A2 /* Frameworks */,
				88CFF2C51E9C841C00B620A2 /* Resources */,
			);
			buildRules = (
			);
			dependencies = (
			);
			name = QSUseImageDemo;
			productName = QSUseImageDemo;
			productReference = 88CFF2C71E9C841C00B620A2 /* QSUseImageDemo.app */;
			productType = "com.apple.product-type.application";
		};
		88CFF2DF1E9C841C00B620A2 /* QSUseImageDemoTests */ = {
			isa = PBXNativeTarget;
			buildConfigurationList = 88CFF2F71E9C841C00B620A2 /* Build configuration list for PBXNativeTarget "QSUseImageDemoTests" */;
			buildPhases = (
				88CFF2DC1E9C841C00B620A2 /* Sources */,
				88CFF2DD1E9C841C00B620A2 /* Frameworks */,
				88CFF2DE1E9C841C00B620A2 /* Resources */,
			);
			buildRules = (
			);
			dependencies = (
				88CFF2E21E9C841C00B620A2 /* PBXTargetDependency */,
			);
			name = QSUseImageDemoTests;
			productName = QSUseImageDemoTests;
			productReference = 88CFF2E01E9C841C00B620A2 /* QSUseImageDemoTests.xctest */;
			productType = "com.apple.product-type.bundle.unit-test";
		};
		88CFF2EA1E9C841C00B620A2 /* QSUseImageDemoUITests */ = {
			isa = PBXNativeTarget;
			buildConfigurationList = 88CFF2FA1E9C841C00B620A2 /* Build configuration list for PBXNativeTarget "QSUseImageDemoUITests" */;
			buildPhases = (
				88CFF2E71E9C841C00B620A2 /* Sources */,
				88CFF2E81E9C841C00B620A2 /* Frameworks */,
				88CFF2E91E9C841C00B620A2 /* Resources */,
			);
			buildRules = (
			);
			dependencies = (
				88CFF2ED1E9C841C00B620A2 /* PBXTargetDependency */,
			);
			name = QSUseImageDemoUITests;
			productName = QSUseImageDemoUITests;
			productReference = 88CFF2EB1E9C841C00B620A2 /* QSUseImageDemoUITests.xctest */;
			productType = "com.apple.product-type.bundle.ui-testing";
		};
/* End PBXNativeTarget section */

/* Begin PBXProject section */
		88CFF2BF1E9C841C00B620A2 /* Project object */ = {
			isa = PBXProject;
			attributes = {
				LastUpgradeCheck = 0820;
				ORGANIZATIONNAME = shaoqing;
				TargetAttributes = {
					88CFF2C61E9C841C00B620A2 = {
						CreatedOnToolsVersion = 8.2;
						ProvisioningStyle = Automatic;
					};
					88CFF2DF1E9C841C00B620A2 = {
						CreatedOnToolsVersion = 8.2;
						ProvisioningStyle = Automatic;
						TestTargetID = 88CFF2C61E9C841C00B620A2;
					};
					88CFF2EA1E9C841C00B620A2 = {
						CreatedOnToolsVersion = 8.2;
						ProvisioningStyle = Automatic;
						TestTargetID = 88CFF2C61E9C841C00B620A2;
					};
				};
			};
			buildConfigurationList = 88CFF2C21E9C841C00B620A2 /* Build configuration list for PBXProject "QSUseImageDemo" */;
			compatibilityVersion = "Xcode 3.2";
			developmentRegion = English;
			hasScannedForEncodings = 0;
			knownRegions = (
				en,
				Base,
			);
			mainGroup = 88CFF2BE1E9C841C00B620A2;
			productRefGroup = 88CFF2C81E9C841C00B620A2 /* Products */;
			projectDirPath = "";
			projectRoot = "";
			targets = (
				88CFF2C61E9C841C00B620A2 /* QSUseImageDemo */,
				88CFF2DF1E9C841C00B620A2 /* QSUseImageDemoTests */,
				88CFF2EA1E9C841C00B620A2 /* QSUseImageDemoUITests */,
			);
		};
/* End PBXProject section */

/* Begin PBXResourcesBuildPhase section */
		88CFF2C51E9C841C00B620A2 /* Resources */ = {
			isa = PBXResourcesBuildPhase;
			buildActionMask = 2147483647;
			files = (
				88CFF2DA1E9C841C00B620A2 /* LaunchScreen.storyboard in Resources */,
				88CFF2D71E9C841C00B620A2 /* Assets.xcassets in Resources */,
				8839712E1EA5C03000908C7F /* icon.jpeg in Resources */,
				883971231EA5A88F00908C7F /* icon_lena@3x.png in Resources */,
				88CFF2D51E9C841C00B620A2 /* Main.storyboard in Resources */,
				883971281EA5ABCB00908C7F /* image1_3.6MB_4032 × 3024.jpeg in Resources */,
			);
			runOnlyForDeploymentPostprocessing = 0;
		};
		88CFF2DE1E9C841C00B620A2 /* Resources */ = {
			isa = PBXResourcesBuildPhase;
			buildActionMask = 2147483647;
			files = (
			);
			runOnlyForDeploymentPostprocessing = 0;
		};
		88CFF2E91E9C841C00B620A2 /* Resources */ = {
			isa = PBXResourcesBuildPhase;
			buildActionMask = 2147483647;
			files = (
			);
			runOnlyForDeploymentPostprocessing = 0;
		};
/* End PBXResourcesBuildPhase section */

/* Begin PBXSourcesBuildPhase section */
		88CFF2C31E9C841C00B620A2 /* Sources */ = {
			isa = PBXSourcesBuildPhase;
			buildActionMask = 2147483647;
			files = (
				88CFF2D21E9C841C00B620A2 /* ViewController.m in Sources */,
				88CFF2CF1E9C841C00B620A2 /* AppDelegate.m in Sources */,
				883970FB1EA465D800908C7F /* UIView+SnapShot.m in Sources */,
				88CFF2CC1E9C841C00B620A2 /* main.m in Sources */,
				8839712C1EA5ACE500908C7F /* NSData+Length.m in Sources */,
				883970F81EA45A4B00908C7F /* UIImage+Tool.m in Sources */,
			);
			runOnlyForDeploymentPostprocessing = 0;
		};
		88CFF2DC1E9C841C00B620A2 /* Sources */ = {
			isa = PBXSourcesBuildPhase;
			buildActionMask = 2147483647;
			files = (
				88CFF2E51E9C841C00B620A2 /* QSUseImageDemoTests.m in Sources */,
			);
			runOnlyForDeploymentPostprocessing = 0;
		};
		88CFF2E71E9C841C00B620A2 /* Sources */ = {
			isa = PBXSourcesBuildPhase;
			buildActionMask = 2147483647;
			files = (
				88CFF2F01E9C841C00B620A2 /* QSUseImageDemoUITests.m in Sources */,
			);
			runOnlyForDeploymentPostprocessing = 0;
		};
/* End PBXSourcesBuildPhase section */

/* Begin PBXTargetDependency section */
		88CFF2E21E9C841C00B620A2 /* PBXTargetDependency */ = {
			isa = PBXTargetDependency;
			target = 88CFF2C61E9C841C00B620A2 /* QSUseImageDemo */;
			targetProxy = 88CFF2E11E9C841C00B620A2 /* PBXContainerItemProxy */;
		};
		88CFF2ED1E9C841C00B620A2 /* PBXTargetDependency */ = {
			isa = PBXTargetDependency;
			target = 88CFF2C61E9C841C00B620A2 /* QSUseImageDemo */;
			targetProxy = 88CFF2EC1E9C841C00B620A2 /* PBXContainerItemProxy */;
		};
/* End PBXTargetDependency section */

/* Begin PBXVariantGroup section */
		88CFF2D31E9C841C00B620A2 /* Main.storyboard */ = {
			isa = PBXVariantGroup;
			children = (
				88CFF2D41E9C841C00B620A2 /* Base */,
			);
			name = Main.storyboard;
			sourceTree = "<group>";
		};
		88CFF2D81E9C841C00B620A2 /* LaunchScreen.storyboard */ = {
			isa = PBXVariantGroup;
			children = (
				88CFF2D91E9C841C00B620A2 /* Base */,
			);
			name = LaunchScreen.storyboard;
			sourceTree = "<group>";
		};
/* End PBXVariantGroup section */

/* Begin XCBuildConfiguration section */
		88CFF2F21E9C841C00B620A2 /* Debug */ = {
			isa = XCBuildConfiguration;
			buildSettings = {
				ALWAYS_SEARCH_USER_PATHS = NO;
				CLANG_ANALYZER_NONNULL = YES;
				CLANG_CXX_LANGUAGE_STANDARD = "gnu++0x";
				CLANG_CXX_LIBRARY = "libc++";
				CLANG_ENABLE_MODULES = YES;
				CLANG_ENABLE_OBJC_ARC = YES;
				CLANG_WARN_BOOL_CONVERSION = YES;
				CLANG_WARN_CONSTANT_CONVERSION = YES;
				CLANG_WARN_DIRECT_OBJC_ISA_USAGE = YES_ERROR;
				CLANG_WARN_DOCUMENTATION_COMMENTS = YES;
				CLANG_WARN_EMPTY_BODY = YES;
				CLANG_WARN_ENUM_CONVERSION = YES;
				CLANG_WARN_INFINITE_RECURSION = YES;
				CLANG_WARN_INT_CONVERSION = YES;
				CLANG_WARN_OBJC_ROOT_CLASS = YES_ERROR;
				CLANG_WARN_SUSPICIOUS_MOVE = YES;
				CLANG_WARN_UNREACHABLE_CODE = YES;
				CLANG_WARN__DUPLICATE_METHOD_MATCH = YES;
				"CODE_SIGN_IDENTITY[sdk=iphoneos*]" = "iPhone Developer";
				COPY_PHASE_STRIP = NO;
				DEBUG_INFORMATION_FORMAT = dwarf;
				ENABLE_STRICT_OBJC_MSGSEND = YES;
				ENABLE_TESTABILITY = YES;
				GCC_C_LANGUAGE_STANDARD = gnu99;
				GCC_DYNAMIC_NO_PIC = NO;
				GCC_NO_COMMON_BLOCKS = YES;
				GCC_OPTIMIZATION_LEVEL = 0;
				GCC_PREPROCESSOR_DEFINITIONS = (
					"DEBUG=1",
					"$(inherited)",
				);
				GCC_WARN_64_TO_32_BIT_CONVERSION = YES;
				GCC_WARN_ABOUT_RETURN_TYPE = YES_ERROR;
				GCC_WARN_UNDECLARED_SELECTOR = YES;
				GCC_WARN_UNINITIALIZED_AUTOS = YES_AGGRESSIVE;
				GCC_WARN_UNUSED_FUNCTION = YES;
				GCC_WARN_UNUSED_VARIABLE = YES;
				IPHONEOS_DEPLOYMENT_TARGET = 10.2;
				MTL_ENABLE_DEBUG_INFO = YES;
				ONLY_ACTIVE_ARCH = YES;
				SDKROOT = iphoneos;
				TARGETED_DEVICE_FAMILY = "1,2";
			};
			name = Debug;
		};
		88CFF2F31E9C841C00B620A2 /* Release */ = {
			isa = XCBuildConfiguration;
			buildSettings = {
				ALWAYS_SEARCH_USER_PATHS = NO;
				CLANG_ANALYZER_NONNULL = YES;
				CLANG_CXX_LANGUAGE_STANDARD = "gnu++0x";
				CLANG_CXX_LIBRARY = "libc++";
				CLANG_ENABLE_MODULES = YES;
				CLANG_ENABLE_OBJC_ARC = YES;
				CLANG_WARN_BOOL_CONVERSION = YES;
				CLANG_WARN_CONSTANT_CONVERSION = YES;
				CLANG_WARN_DIRECT_OBJC_ISA_USAGE = YES_ERROR;
				CLANG_WARN_DOCUMENTATION_COMMENTS = YES;
				CLANG_WARN_EMPTY_BODY = YES;
				CLANG_WARN_ENUM_CONVERSION = YES;
				CLANG_WARN_INFINITE_RECURSION = YES;
				CLANG_WARN_INT_CONVERSION = YES;
				CLANG_WARN_OBJC_ROOT_CLASS = YES_ERROR;
				CLANG_WARN_SUSPICIOUS_MOVE = YES;
				CLANG_WARN_UNREACHABLE_CODE = YES;
				CLANG_WARN__DUPLICATE_METHOD_MATCH = YES;
				"CODE_SIGN_IDENTITY[sdk=iphoneos*]" = "iPhone Developer";
				COPY_PHASE_STRIP = NO;
				DEBUG_INFORMATION_FORMAT = "dwarf-with-dsym";
				ENABLE_NS_ASSERTIONS = NO;
				ENABLE_STRICT_OBJC_MSGSEND = YES;
				GCC_C_LANGUAGE_STANDARD = gnu99;
				GCC_NO_COMMON_BLOCKS = YES;
				GCC_WARN_64_TO_32_BIT_CONVERSION = YES;
				GCC_WARN_ABOUT_RETURN_TYPE = YES_ERROR;
				GCC_WARN_UNDECLARED_SELECTOR = YES;
				GCC_WARN_UNINITIALIZED_AUTOS = YES_AGGRESSIVE;
				GCC_WARN_UNUSED_FUNCTION = YES;
				GCC_WARN_UNUSED_VARIABLE = YES;
				IPHONEOS_DEPLOYMENT_TARGET = 10.2;
				MTL_ENABLE_DEBUG_INFO = NO;
				SDKROOT = iphoneos;
				TARGETED_DEVICE_FAMILY = "1,2";
				VALIDATE_PRODUCT = YES;
			};
			name = Release;
		};
		88CFF2F51E9C841C00B620A2 /* Debug */ = {
			isa = XCBuildConfiguration;
			buildSettings = {
				ASSETCATALOG_COMPILER_APPICON_NAME = AppIcon;
				INFOPLIST_FILE = QSUseImageDemo/Info.plist;
				LD_RUNPATH_SEARCH_PATHS = "$(inherited) @executable_path/Frameworks";
				PRODUCT_BUNDLE_IDENTIFIER = com.test.QSUseImageDemo;
				PRODUCT_NAME = "$(TARGET_NAME)";
			};
			name = Debug;
		};
		88CFF2F61E9C841C00B620A2 /* Release */ = {
			isa = XCBuildConfiguration;
			buildSettings = {
				ASSETCATALOG_COMPILER_APPICON_NAME = AppIcon;
				INFOPLIST_FILE = QSUseImageDemo/Info.plist;
				LD_RUNPATH_SEARCH_PATHS = "$(inherited) @executable_path/Frameworks";
				PRODUCT_BUNDLE_IDENTIFIER = com.test.QSUseImageDemo;
				PRODUCT_NAME = "$(TARGET_NAME)";
			};
			name = Release;
		};
		88CFF2F81E9C841C00B620A2 /* Debug */ = {
			isa = XCBuildConfiguration;
			buildSettings = {
				BUNDLE_LOADER = "$(TEST_HOST)";
				INFOPLIST_FILE = QSUseImageDemoTests/Info.plist;
				LD_RUNPATH_SEARCH_PATHS = "$(inherited) @executable_path/Frameworks @loader_path/Frameworks";
				PRODUCT_BUNDLE_IDENTIFIER = com.test.QSUseImageDemoTests;
				PRODUCT_NAME = "$(TARGET_NAME)";
				TEST_HOST = "$(BUILT_PRODUCTS_DIR)/QSUseImageDemo.app/QSUseImageDemo";
			};
			name = Debug;
		};
		88CFF2F91E9C841C00B620A2 /* Release */ = {
			isa = XCBuildConfiguration;
			buildSettings = {
				BUNDLE_LOADER = "$(TEST_HOST)";
				INFOPLIST_FILE = QSUseImageDemoTests/Info.plist;
				LD_RUNPATH_SEARCH_PATHS = "$(inherited) @executable_path/Frameworks @loader_path/Frameworks";
				PRODUCT_BUNDLE_IDENTIFIER = com.test.QSUseImageDemoTests;
				PRODUCT_NAME = "$(TARGET_NAME)";
				TEST_HOST = "$(BUILT_PRODUCTS_DIR)/QSUseImageDemo.app/QSUseImageDemo";
			};
			name = Release;
		};
		88CFF2FB1E9C841C00B620A2 /* Debug */ = {
			isa = XCBuildConfiguration;
			buildSettings = {
				INFOPLIST_FILE = QSUseImageDemoUITests/Info.plist;
				LD_RUNPATH_SEARCH_PATHS = "$(inherited) @executable_path/Frameworks @loader_path/Frameworks";
				PRODUCT_BUNDLE_IDENTIFIER = com.test.QSUseImageDemoUITests;
				PRODUCT_NAME = "$(TARGET_NAME)";
				TEST_TARGET_NAME = QSUseImageDemo;
			};
			name = Debug;
		};
		88CFF2FC1E9C841C00B620A2 /* Release */ = {
			isa = XCBuildConfiguration;
			buildSettings = {
				INFOPLIST_FILE = QSUseImageDemoUITests/Info.plist;
				LD_RUNPATH_SEARCH_PATHS = "$(inherited) @executable_path/Frameworks @loader_path/Frameworks";
				PRODUCT_BUNDLE_IDENTIFIER = com.test.QSUseImageDemoUITests;
				PRODUCT_NAME = "$(TARGET_NAME)";
				TEST_TARGET_NAME = QSUseImageDemo;
			};
			name = Release;
		};
/* End XCBuildConfiguration section */

/* Begin XCConfigurationList section */
		88CFF2C21E9C841C00B620A2 /* Build configuration list for PBXProject "QSUseImageDemo" */ = {
			isa = XCConfigurationList;
			buildConfigurations = (
				88CFF2F21E9C841C00B620A2 /* Debug */,
				88CFF2F31E9C841C00B620A2 /* Release */,
			);
			defaultConfigurationIsVisible = 0;
			defaultConfigurationName = Release;
		};
		88CFF2F41E9C841C00B620A2 /* Build configuration list for PBXNativeTarget "QSUseImageDemo" */ = {
			isa = XCConfigurationList;
			buildConfigurations = (
				88CFF2F51E9C841C00B620A2 /* Debug */,
				88CFF2F61E9C841C00B620A2 /* Release */,
			);
			defaultConfigurationIsVisible = 0;
			defaultConfigurationName = Release;
		};
		88CFF2F71E9C841C00B620A2 /* Build configuration list for PBXNativeTarget "QSUseImageDemoTests" */ = {
			isa = XCConfigurationList;
			buildConfigurations = (
				88CFF2F81E9C841C00B620A2 /* Debug */,
				88CFF2F91E9C841C00B620A2 /* Release */,
			);
			defaultConfigurationIsVisible = 0;
			defaultConfigurationName = Release;
		};
		88CFF2FA1E9C841C00B620A2 /* Build configuration list for PBXNativeTarget "QSUseImageDemoUITests" */ = {
			isa = XCConfigurationList;
			buildConfigurations = (
				88CFF2FB1E9C841C00B620A2 /* Debug */,
				88CFF2FC1E9C841C00B620A2 /* Release */,
			);
			defaultConfigurationIsVisible = 0;
			defaultConfigurationName = Release;
		};
/* End XCConfigurationList section */
	};
	rootObject = 88CFF2BF1E9C841C00B620A2 /* Project object */;
}
